# This file is autogenerated, do not edit; changes may be undone by the next 'dep ensure'.


[[projects]]
  name = "github.com/gobuffalo/packr"
  packages = ["."]
  revision = "6434a292ac52e6964adebfdce3f9ce6d9f16be01"
  version = "v1.10.4"

[[projects]]
  name = "github.com/pkg/errors"
  packages = ["."]
  revision = "645ef00459ed84a119197bfb8d8205042c6df63d"
  version = "v0.8.0"

[[projects]]
  name = "gopkg.in/yaml.v2"
  packages = ["."]
  revision = "7f97868eec74b32b0982dd158a51a446d1da7eb5"
  version = "v2.1.1"

[solve-meta]
  analyzer-name = "dep"
  analyzer-version = 1
  inputs-digest = "4466bec06c693ed4965411b9d1a2ec7b045af57b0d54c61aa5f5478dc357b6e1"
  solver-name = "gps-cdcl"
  solver-version = 1
